
Microsoft Visual Studio Solution File, Format Version 12.00
# Visual Studio Version 17
VisualStudioVersion = 17.8.34309.116
MinimumVisualStudioVersion = 10.0.40219.1
Project("{FAE04EC0-301F-11D3-BF4B-00C04F79EFBC}") = "VisualAcademy", "VisualAcademy\VisualAcademy.csproj", "{D6010070-421B-442E-883C-AF6A007006AB}"
EndProject
Global
	GlobalSection(SolutionConfigurationPlatforms) = preSolution
		Debug|Any CPU = Debug|Any CPU
		Release|Any CPU = Release|Any CPU
	EndGlobalSection
	GlobalSection(ProjectConfigurationPlatforms) = postSolution
		{D6010070-421B-442E-883C-AF6A007006AB}.Debug|Any CPU.ActiveCfg = Debug|Any CPU
		{D6010070-421B-442E-883C-AF6A007006AB}.Debug|Any CPU.Build.0 = Debug|Any CPU
		{D6010070-421B-442E-883C-AF6A007006AB}.Release|Any CPU.ActiveCfg = Release|Any CPU
		{D6010070-421B-442E-883C-AF6A007006AB}.Release|Any CPU.Build.0 = Release|Any CPU
	EndGlobalSection
	GlobalSection(SolutionProperties) = preSolution
		HideSolutionNode = FALSE
	EndGlobalSection
	GlobalSection(ExtensibilityGlobals) = postSolution
		SolutionGuid = {8CE7475B-F37B-451F-9F10-A951F5432ECA}
	EndGlobalSection
EndGlobal
