
Microsoft Visual Studio Solution File, Format Version 12.00
# Visual Studio Version 17
VisualStudioVersion = 17.8.34309.116
MinimumVisualStudioVersion = 10.0.40219.1
Project("{9A19103F-16F7-4668-BE54-9A1E7A4F7556}") = "VisualAcademy", "VisualAcademy\VisualAcademy.csproj", "{D6010070-421B-442E-883C-AF6A007006AB}"
EndProject
Project("{2150E333-8FDC-42A3-9474-1A3956D46DE8}") = "MVC", "MVC", "{8643B77C-59A2-4C4F-8466-3AB2A86DDC9A}"
EndProject
Project("{9A19103F-16F7-4668-BE54-9A1E7A4F7556}") = "DotNetNote", "DotNetNote\DotNetNote.csproj", "{5AE09260-71CF-4213-AFE3-5EBBA5300EDE}"
EndProject
Project("{9A19103F-16F7-4668-BE54-9A1E7A4F7556}") = "DotNetKorea", "DotNetKorea\DotNetKorea.csproj", "{41A9E93F-A248-42A0-8A9D-9E36DD80B83B}"
EndProject
Project("{2150E333-8FDC-42A3-9474-1A3956D46DE8}") = "Web API", "Web API", "{BF0AAFCB-E77F-4427-9599-CEB538FEA984}"
EndProject
Project("{9A19103F-16F7-4668-BE54-9A1E7A4F7556}") = "VisualAcademy.Apis", "VisualAcademy.Apis\VisualAcademy.Apis.csproj", "{86BC5C8D-6051-410B-BDE7-D729955CAC2B}"
EndProject
Project("{2150E333-8FDC-42A3-9474-1A3956D46DE8}") = "Razor Pages", "Razor Pages", "{FAC82F3D-7253-474F-9073-E40574A7C594}"
EndProject
Project("{9A19103F-16F7-4668-BE54-9A1E7A4F7556}") = "RedPlus", "RedPlus\RedPlus.csproj", "{B49D6BCC-9979-429C-9B27-D29666C97741}"
EndProject
Project("{2150E333-8FDC-42A3-9474-1A3956D46DE8}") = "Blazor Server", "Blazor Server", "{A462362E-9243-4559-910C-AC1D26C4D7E9}"
EndProject
Project("{FAE04EC0-301F-11D3-BF4B-00C04F79EFBC}") = "Hawaso", "Hawaso\Hawaso.csproj", "{D6DA3F9F-FA28-45FE-BC03-DD6B0CB01CA4}"
EndProject
Global
	GlobalSection(SolutionConfigurationPlatforms) = preSolution
		Debug|Any CPU = Debug|Any CPU
		Release|Any CPU = Release|Any CPU
	EndGlobalSection
	GlobalSection(ProjectConfigurationPlatforms) = postSolution
		{D6010070-421B-442E-883C-AF6A007006AB}.Debug|Any CPU.ActiveCfg = Debug|Any CPU
		{D6010070-421B-442E-883C-AF6A007006AB}.Debug|Any CPU.Build.0 = Debug|Any CPU
		{D6010070-421B-442E-883C-AF6A007006AB}.Release|Any CPU.ActiveCfg = Release|Any CPU
		{D6010070-421B-442E-883C-AF6A007006AB}.Release|Any CPU.Build.0 = Release|Any CPU
		{5AE09260-71CF-4213-AFE3-5EBBA5300EDE}.Debug|Any CPU.ActiveCfg = Debug|Any CPU
		{5AE09260-71CF-4213-AFE3-5EBBA5300EDE}.Debug|Any CPU.Build.0 = Debug|Any CPU
		{5AE09260-71CF-4213-AFE3-5EBBA5300EDE}.Release|Any CPU.ActiveCfg = Release|Any CPU
		{5AE09260-71CF-4213-AFE3-5EBBA5300EDE}.Release|Any CPU.Build.0 = Release|Any CPU
		{41A9E93F-A248-42A0-8A9D-9E36DD80B83B}.Debug|Any CPU.ActiveCfg = Debug|Any CPU
		{41A9E93F-A248-42A0-8A9D-9E36DD80B83B}.Debug|Any CPU.Build.0 = Debug|Any CPU
		{41A9E93F-A248-42A0-8A9D-9E36DD80B83B}.Release|Any CPU.ActiveCfg = Release|Any CPU
		{41A9E93F-A248-42A0-8A9D-9E36DD80B83B}.Release|Any CPU.Build.0 = Release|Any CPU
		{86BC5C8D-6051-410B-BDE7-D729955CAC2B}.Debug|Any CPU.ActiveCfg = Debug|Any CPU
		{86BC5C8D-6051-410B-BDE7-D729955CAC2B}.Debug|Any CPU.Build.0 = Debug|Any CPU
		{86BC5C8D-6051-410B-BDE7-D729955CAC2B}.Release|Any CPU.ActiveCfg = Release|Any CPU
		{86BC5C8D-6051-410B-BDE7-D729955CAC2B}.Release|Any CPU.Build.0 = Release|Any CPU
		{B49D6BCC-9979-429C-9B27-D29666C97741}.Debug|Any CPU.ActiveCfg = Debug|Any CPU
		{B49D6BCC-9979-429C-9B27-D29666C97741}.Debug|Any CPU.Build.0 = Debug|Any CPU
		{B49D6BCC-9979-429C-9B27-D29666C97741}.Release|Any CPU.ActiveCfg = Release|Any CPU
		{B49D6BCC-9979-429C-9B27-D29666C97741}.Release|Any CPU.Build.0 = Release|Any CPU
		{D6DA3F9F-FA28-45FE-BC03-DD6B0CB01CA4}.Debug|Any CPU.ActiveCfg = Debug|Any CPU
		{D6DA3F9F-FA28-45FE-BC03-DD6B0CB01CA4}.Debug|Any CPU.Build.0 = Debug|Any CPU
		{D6DA3F9F-FA28-45FE-BC03-DD6B0CB01CA4}.Release|Any CPU.ActiveCfg = Release|Any CPU
		{D6DA3F9F-FA28-45FE-BC03-DD6B0CB01CA4}.Release|Any CPU.Build.0 = Release|Any CPU
	EndGlobalSection
	GlobalSection(SolutionProperties) = preSolution
		HideSolutionNode = FALSE
	EndGlobalSection
	GlobalSection(NestedProjects) = preSolution
		{5AE09260-71CF-4213-AFE3-5EBBA5300EDE} = {8643B77C-59A2-4C4F-8466-3AB2A86DDC9A}
		{41A9E93F-A248-42A0-8A9D-9E36DD80B83B} = {8643B77C-59A2-4C4F-8466-3AB2A86DDC9A}
		{86BC5C8D-6051-410B-BDE7-D729955CAC2B} = {BF0AAFCB-E77F-4427-9599-CEB538FEA984}
		{B49D6BCC-9979-429C-9B27-D29666C97741} = {FAC82F3D-7253-474F-9073-E40574A7C594}
		{D6DA3F9F-FA28-45FE-BC03-DD6B0CB01CA4} = {A462362E-9243-4559-910C-AC1D26C4D7E9}
	EndGlobalSection
	GlobalSection(ExtensibilityGlobals) = postSolution
		SolutionGuid = {8CE7475B-F37B-451F-9F10-A951F5432ECA}
	EndGlobalSection
EndGlobal
