
Microsoft Visual Studio Solution File, Format Version 12.00
# Visual Studio Version 17
VisualStudioVersion = 17.8.34302.71
MinimumVisualStudioVersion = 10.0.40219.1
Project("{FAE04EC0-301F-11D3-BF4B-00C04F79EFBC}") = "VisualAcademy", "VisualAcademy\VisualAcademy.csproj", "{08DAE70A-FAAB-4EF0-AD54-BC2DA54C105F}"
EndProject
Global
	GlobalSection(SolutionConfigurationPlatforms) = preSolution
		Debug|Any CPU = Debug|Any CPU
		Release|Any CPU = Release|Any CPU
	EndGlobalSection
	GlobalSection(ProjectConfigurationPlatforms) = postSolution
		{08DAE70A-FAAB-4EF0-AD54-BC2DA54C105F}.Debug|Any CPU.ActiveCfg = Debug|Any CPU
		{08DAE70A-FAAB-4EF0-AD54-BC2DA54C105F}.Debug|Any CPU.Build.0 = Debug|Any CPU
		{08DAE70A-FAAB-4EF0-AD54-BC2DA54C105F}.Release|Any CPU.ActiveCfg = Release|Any CPU
		{08DAE70A-FAAB-4EF0-AD54-BC2DA54C105F}.Release|Any CPU.Build.0 = Release|Any CPU
	EndGlobalSection
	GlobalSection(SolutionProperties) = preSolution
		HideSolutionNode = FALSE
	EndGlobalSection
	GlobalSection(ExtensibilityGlobals) = postSolution
		SolutionGuid = {D01DE84B-4735-4327-86AE-86786C04F5F6}
	EndGlobalSection
EndGlobal
