
Microsoft Visual Studio Solution File, Format Version 12.00
# Visual Studio Version 17
VisualStudioVersion = 17.13.35931.197 d17.13
MinimumVisualStudioVersion = 10.0.40219.1
Project("{FAE04EC0-301F-11D3-BF4B-00C04F79EFBC}") = "VisualAcademy.Web", "VisualAcademy.Web\VisualAcademy.Web\VisualAcademy.Web.csproj", "{0918F180-131B-4B13-90DD-BD447C89D49D}"
EndProject
Project("{FAE04EC0-301F-11D3-BF4B-00C04F79EFBC}") = "VisualAcademy.Web.Client", "VisualAcademy.Web\VisualAcademy.Web.Client\VisualAcademy.Web.Client.csproj", "{013A0B0F-E0E1-44A3-9B86-B3037B847EBB}"
EndProject
Global
	GlobalSection(SolutionConfigurationPlatforms) = preSolution
		Debug|Any CPU = Debug|Any CPU
		Release|Any CPU = Release|Any CPU
	EndGlobalSection
	GlobalSection(ProjectConfigurationPlatforms) = postSolution
		{0918F180-131B-4B13-90DD-BD447C89D49D}.Debug|Any CPU.ActiveCfg = Debug|Any CPU
		{0918F180-131B-4B13-90DD-BD447C89D49D}.Debug|Any CPU.Build.0 = Debug|Any CPU
		{0918F180-131B-4B13-90DD-BD447C89D49D}.Release|Any CPU.ActiveCfg = Release|Any CPU
		{0918F180-131B-4B13-90DD-BD447C89D49D}.Release|Any CPU.Build.0 = Release|Any CPU
		{013A0B0F-E0E1-44A3-9B86-B3037B847EBB}.Debug|Any CPU.ActiveCfg = Debug|Any CPU
		{013A0B0F-E0E1-44A3-9B86-B3037B847EBB}.Debug|Any CPU.Build.0 = Debug|Any CPU
		{013A0B0F-E0E1-44A3-9B86-B3037B847EBB}.Release|Any CPU.ActiveCfg = Release|Any CPU
		{013A0B0F-E0E1-44A3-9B86-B3037B847EBB}.Release|Any CPU.Build.0 = Release|Any CPU
	EndGlobalSection
	GlobalSection(SolutionProperties) = preSolution
		HideSolutionNode = FALSE
	EndGlobalSection
	GlobalSection(ExtensibilityGlobals) = postSolution
		SolutionGuid = {8CFE7BF1-0F3D-48A7-82C8-E0C199371465}
	EndGlobalSection
EndGlobal
