
Microsoft Visual Studio Solution File, Format Version 12.00
# Visual Studio Version 17
VisualStudioVersion = 17.8.34322.80
MinimumVisualStudioVersion = 10.0.40219.1
Project("{FAE04EC0-301F-11D3-BF4B-00C04F79EFBC}") = "VisualAcademy", "VisualAcademy\VisualAcademy.csproj", "{1DBEDFD9-EFD7-4514-96A0-0D573A6BDE4C}"
EndProject
Global
	GlobalSection(SolutionConfigurationPlatforms) = preSolution
		Debug|Any CPU = Debug|Any CPU
		Release|Any CPU = Release|Any CPU
	EndGlobalSection
	GlobalSection(ProjectConfigurationPlatforms) = postSolution
		{1DBEDFD9-EFD7-4514-96A0-0D573A6BDE4C}.Debug|Any CPU.ActiveCfg = Debug|Any CPU
		{1DBEDFD9-EFD7-4514-96A0-0D573A6BDE4C}.Debug|Any CPU.Build.0 = Debug|Any CPU
		{1DBEDFD9-EFD7-4514-96A0-0D573A6BDE4C}.Release|Any CPU.ActiveCfg = Release|Any CPU
		{1DBEDFD9-EFD7-4514-96A0-0D573A6BDE4C}.Release|Any CPU.Build.0 = Release|Any CPU
	EndGlobalSection
	GlobalSection(SolutionProperties) = preSolution
		HideSolutionNode = FALSE
	EndGlobalSection
	GlobalSection(ExtensibilityGlobals) = postSolution
		SolutionGuid = {6D0CFE6D-B01B-4531-B755-733EA6E65CA0}
	EndGlobalSection
EndGlobal
