
Microsoft Visual Studio Solution File, Format Version 12.00
# Visual Studio Version 17
VisualStudioVersion = 17.5.33103.201
MinimumVisualStudioVersion = 10.0.40219.1
Project("{9A19103F-16F7-4668-BE54-9A1E7A4F7556}") = "VisualAcademy", "VisualAcademy\VisualAcademy.csproj", "{36F932A5-9AD6-4089-AEFC-C69F477F10E3}"
EndProject
Project("{9A19103F-16F7-4668-BE54-9A1E7A4F7556}") = "VisualAcademy.Todos", "VisualAcademy.Todos\VisualAcademy.Todos.csproj", "{778CF620-1CE5-48B2-A56B-FF7F7CED6E34}"
EndProject
Project("{9A19103F-16F7-4668-BE54-9A1E7A4F7556}") = "VisualAcademy.Models.Notes", "VisualAcademy.Models.Notes\VisualAcademy.Models.Notes.csproj", "{29A659C5-7069-4CE3-A478-0191640F6CFB}"
EndProject
Project("{2150E333-8FDC-42A3-9474-1A3956D46DE8}") = "src", "src", "{5977A27F-4E5C-4E96-B111-CCB5ACD41B8C}"
	ProjectSection(SolutionItems) = preProject
		TodoSolution.dgml = TodoSolution.dgml
	EndProjectSection
EndProject
Project("{2150E333-8FDC-42A3-9474-1A3956D46DE8}") = "tests", "tests", "{6C471E34-A102-40AC-BF73-C7E9016EC52E}"
EndProject
Project("{9A19103F-16F7-4668-BE54-9A1E7A4F7556}") = "Domain", "Domain\Domain.csproj", "{C2044C3F-27EA-4262-A2B2-0852A59B5E9B}"
EndProject
Project("{9A19103F-16F7-4668-BE54-9A1E7A4F7556}") = "Application", "Application\Application.csproj", "{8E434D37-B69F-4041-9844-8A78FB55BE97}"
EndProject
Project("{2150E333-8FDC-42A3-9474-1A3956D46DE8}") = "Core", "Core", "{B95EBBA0-77DD-46BA-96AD-603F8E8C190F}"
EndProject
Project("{2150E333-8FDC-42A3-9474-1A3956D46DE8}") = "Infrastructure", "Infrastructure", "{645122C4-0352-4F76-95DF-5DA5E47C5BA0}"
EndProject
Project("{2150E333-8FDC-42A3-9474-1A3956D46DE8}") = "Presentation", "Presentation", "{EA131B72-3C2A-4E81-A149-B97B24D9E9F1}"
EndProject
Project("{9A19103F-16F7-4668-BE54-9A1E7A4F7556}") = "Infrastructure", "Infrastructure\Infrastructure.csproj", "{06134C6C-3ABA-4489-9B05-6FC06431BC35}"
EndProject
Project("{9A19103F-16F7-4668-BE54-9A1E7A4F7556}") = "Persistence", "Persistence\Persistence.csproj", "{E8B6C3C3-9A2A-432B-9FA8-4155A356C08E}"
EndProject
Project("{2150E333-8FDC-42A3-9474-1A3956D46DE8}") = "Service", "Service", "{2A6777D2-C3D3-4473-BED3-45CF2F17F160}"
EndProject
Project("{9A19103F-16F7-4668-BE54-9A1E7A4F7556}") = "Presentation", "Presentation\Presentation.csproj", "{7CCC5D17-113B-44F5-A8F6-B612DAB9586A}"
EndProject
Project("{9A19103F-16F7-4668-BE54-9A1E7A4F7556}") = "Service", "Service\Service.csproj", "{FE36E9A2-25FE-454D-A601-FA500B1F030B}"
EndProject
Project("{9A19103F-16F7-4668-BE54-9A1E7A4F7556}") = "Domain.UnitTests", "Domain.UnitTests\Domain.UnitTests.csproj", "{86368060-D3F0-4954-8CC7-8A375022E191}"
EndProject
Project("{2150E333-8FDC-42A3-9474-1A3956D46DE8}") = "Common", "Common", "{8D3CE0FC-2E49-413F-9C3B-2608BDEB5597}"
EndProject
Project("{9A19103F-16F7-4668-BE54-9A1E7A4F7556}") = "Common", "Common\Common.csproj", "{0BD7430B-810A-4999-AAA7-C4BA087F4999}"
EndProject
Global
	GlobalSection(SolutionConfigurationPlatforms) = preSolution
		Debug|Any CPU = Debug|Any CPU
		Release|Any CPU = Release|Any CPU
	EndGlobalSection
	GlobalSection(ProjectConfigurationPlatforms) = postSolution
		{36F932A5-9AD6-4089-AEFC-C69F477F10E3}.Debug|Any CPU.ActiveCfg = Debug|Any CPU
		{36F932A5-9AD6-4089-AEFC-C69F477F10E3}.Debug|Any CPU.Build.0 = Debug|Any CPU
		{36F932A5-9AD6-4089-AEFC-C69F477F10E3}.Release|Any CPU.ActiveCfg = Release|Any CPU
		{36F932A5-9AD6-4089-AEFC-C69F477F10E3}.Release|Any CPU.Build.0 = Release|Any CPU
		{778CF620-1CE5-48B2-A56B-FF7F7CED6E34}.Debug|Any CPU.ActiveCfg = Debug|Any CPU
		{778CF620-1CE5-48B2-A56B-FF7F7CED6E34}.Debug|Any CPU.Build.0 = Debug|Any CPU
		{778CF620-1CE5-48B2-A56B-FF7F7CED6E34}.Release|Any CPU.ActiveCfg = Release|Any CPU
		{778CF620-1CE5-48B2-A56B-FF7F7CED6E34}.Release|Any CPU.Build.0 = Release|Any CPU
		{29A659C5-7069-4CE3-A478-0191640F6CFB}.Debug|Any CPU.ActiveCfg = Debug|Any CPU
		{29A659C5-7069-4CE3-A478-0191640F6CFB}.Debug|Any CPU.Build.0 = Debug|Any CPU
		{29A659C5-7069-4CE3-A478-0191640F6CFB}.Release|Any CPU.ActiveCfg = Release|Any CPU
		{29A659C5-7069-4CE3-A478-0191640F6CFB}.Release|Any CPU.Build.0 = Release|Any CPU
		{C2044C3F-27EA-4262-A2B2-0852A59B5E9B}.Debug|Any CPU.ActiveCfg = Debug|Any CPU
		{C2044C3F-27EA-4262-A2B2-0852A59B5E9B}.Debug|Any CPU.Build.0 = Debug|Any CPU
		{C2044C3F-27EA-4262-A2B2-0852A59B5E9B}.Release|Any CPU.ActiveCfg = Release|Any CPU
		{C2044C3F-27EA-4262-A2B2-0852A59B5E9B}.Release|Any CPU.Build.0 = Release|Any CPU
		{8E434D37-B69F-4041-9844-8A78FB55BE97}.Debug|Any CPU.ActiveCfg = Debug|Any CPU
		{8E434D37-B69F-4041-9844-8A78FB55BE97}.Debug|Any CPU.Build.0 = Debug|Any CPU
		{8E434D37-B69F-4041-9844-8A78FB55BE97}.Release|Any CPU.ActiveCfg = Release|Any CPU
		{8E434D37-B69F-4041-9844-8A78FB55BE97}.Release|Any CPU.Build.0 = Release|Any CPU
		{06134C6C-3ABA-4489-9B05-6FC06431BC35}.Debug|Any CPU.ActiveCfg = Debug|Any CPU
		{06134C6C-3ABA-4489-9B05-6FC06431BC35}.Debug|Any CPU.Build.0 = Debug|Any CPU
		{06134C6C-3ABA-4489-9B05-6FC06431BC35}.Release|Any CPU.ActiveCfg = Release|Any CPU
		{06134C6C-3ABA-4489-9B05-6FC06431BC35}.Release|Any CPU.Build.0 = Release|Any CPU
		{E8B6C3C3-9A2A-432B-9FA8-4155A356C08E}.Debug|Any CPU.ActiveCfg = Debug|Any CPU
		{E8B6C3C3-9A2A-432B-9FA8-4155A356C08E}.Debug|Any CPU.Build.0 = Debug|Any CPU
		{E8B6C3C3-9A2A-432B-9FA8-4155A356C08E}.Release|Any CPU.ActiveCfg = Release|Any CPU
		{E8B6C3C3-9A2A-432B-9FA8-4155A356C08E}.Release|Any CPU.Build.0 = Release|Any CPU
		{7CCC5D17-113B-44F5-A8F6-B612DAB9586A}.Debug|Any CPU.ActiveCfg = Debug|Any CPU
		{7CCC5D17-113B-44F5-A8F6-B612DAB9586A}.Debug|Any CPU.Build.0 = Debug|Any CPU
		{7CCC5D17-113B-44F5-A8F6-B612DAB9586A}.Release|Any CPU.ActiveCfg = Release|Any CPU
		{7CCC5D17-113B-44F5-A8F6-B612DAB9586A}.Release|Any CPU.Build.0 = Release|Any CPU
		{FE36E9A2-25FE-454D-A601-FA500B1F030B}.Debug|Any CPU.ActiveCfg = Debug|Any CPU
		{FE36E9A2-25FE-454D-A601-FA500B1F030B}.Debug|Any CPU.Build.0 = Debug|Any CPU
		{FE36E9A2-25FE-454D-A601-FA500B1F030B}.Release|Any CPU.ActiveCfg = Release|Any CPU
		{FE36E9A2-25FE-454D-A601-FA500B1F030B}.Release|Any CPU.Build.0 = Release|Any CPU
		{86368060-D3F0-4954-8CC7-8A375022E191}.Debug|Any CPU.ActiveCfg = Debug|Any CPU
		{86368060-D3F0-4954-8CC7-8A375022E191}.Debug|Any CPU.Build.0 = Debug|Any CPU
		{86368060-D3F0-4954-8CC7-8A375022E191}.Release|Any CPU.ActiveCfg = Release|Any CPU
		{86368060-D3F0-4954-8CC7-8A375022E191}.Release|Any CPU.Build.0 = Release|Any CPU
		{0BD7430B-810A-4999-AAA7-C4BA087F4999}.Debug|Any CPU.ActiveCfg = Debug|Any CPU
		{0BD7430B-810A-4999-AAA7-C4BA087F4999}.Debug|Any CPU.Build.0 = Debug|Any CPU
		{0BD7430B-810A-4999-AAA7-C4BA087F4999}.Release|Any CPU.ActiveCfg = Release|Any CPU
		{0BD7430B-810A-4999-AAA7-C4BA087F4999}.Release|Any CPU.Build.0 = Release|Any CPU
	EndGlobalSection
	GlobalSection(SolutionProperties) = preSolution
		HideSolutionNode = FALSE
	EndGlobalSection
	GlobalSection(NestedProjects) = preSolution
		{C2044C3F-27EA-4262-A2B2-0852A59B5E9B} = {B95EBBA0-77DD-46BA-96AD-603F8E8C190F}
		{8E434D37-B69F-4041-9844-8A78FB55BE97} = {B95EBBA0-77DD-46BA-96AD-603F8E8C190F}
		{B95EBBA0-77DD-46BA-96AD-603F8E8C190F} = {5977A27F-4E5C-4E96-B111-CCB5ACD41B8C}
		{645122C4-0352-4F76-95DF-5DA5E47C5BA0} = {5977A27F-4E5C-4E96-B111-CCB5ACD41B8C}
		{EA131B72-3C2A-4E81-A149-B97B24D9E9F1} = {5977A27F-4E5C-4E96-B111-CCB5ACD41B8C}
		{06134C6C-3ABA-4489-9B05-6FC06431BC35} = {645122C4-0352-4F76-95DF-5DA5E47C5BA0}
		{E8B6C3C3-9A2A-432B-9FA8-4155A356C08E} = {645122C4-0352-4F76-95DF-5DA5E47C5BA0}
		{2A6777D2-C3D3-4473-BED3-45CF2F17F160} = {5977A27F-4E5C-4E96-B111-CCB5ACD41B8C}
		{7CCC5D17-113B-44F5-A8F6-B612DAB9586A} = {EA131B72-3C2A-4E81-A149-B97B24D9E9F1}
		{FE36E9A2-25FE-454D-A601-FA500B1F030B} = {2A6777D2-C3D3-4473-BED3-45CF2F17F160}
		{86368060-D3F0-4954-8CC7-8A375022E191} = {6C471E34-A102-40AC-BF73-C7E9016EC52E}
		{8D3CE0FC-2E49-413F-9C3B-2608BDEB5597} = {5977A27F-4E5C-4E96-B111-CCB5ACD41B8C}
		{0BD7430B-810A-4999-AAA7-C4BA087F4999} = {8D3CE0FC-2E49-413F-9C3B-2608BDEB5597}
	EndGlobalSection
	GlobalSection(ExtensibilityGlobals) = postSolution
		SolutionGuid = {0DE1D08F-8124-469F-9D4F-970570062155}
	EndGlobalSection
EndGlobal
