
Microsoft Visual Studio Solution File, Format Version 12.00
# Visual Studio Version 17
VisualStudioVersion = 17.14.36429.23 d17.14
MinimumVisualStudioVersion = 10.0.40219.1
Project("{FAE04EC0-301F-11D3-BF4B-00C04F79EFBC}") = "VisualAcademy", "VisualAcademy\VisualAcademy.csproj", "{AE588591-F45B-412C-8D6D-ABF1694E266C}"
EndProject
Global
	GlobalSection(SolutionConfigurationPlatforms) = preSolution
		Debug|Any CPU = Debug|Any CPU
		Release|Any CPU = Release|Any CPU
	EndGlobalSection
	GlobalSection(ProjectConfigurationPlatforms) = postSolution
		{AE588591-F45B-412C-8D6D-ABF1694E266C}.Debug|Any CPU.ActiveCfg = Debug|Any CPU
		{AE588591-F45B-412C-8D6D-ABF1694E266C}.Debug|Any CPU.Build.0 = Debug|Any CPU
		{AE588591-F45B-412C-8D6D-ABF1694E266C}.Release|Any CPU.ActiveCfg = Release|Any CPU
		{AE588591-F45B-412C-8D6D-ABF1694E266C}.Release|Any CPU.Build.0 = Release|Any CPU
	EndGlobalSection
	GlobalSection(SolutionProperties) = preSolution
		HideSolutionNode = FALSE
	EndGlobalSection
	GlobalSection(ExtensibilityGlobals) = postSolution
		SolutionGuid = {A9C2185C-0B2B-485B-961A-D257F927050F}
	EndGlobalSection
EndGlobal
