
Microsoft Visual Studio Solution File, Format Version 12.00
# Visual Studio Version 17
VisualStudioVersion = 17.8.34330.188
MinimumVisualStudioVersion = 10.0.40219.1
Project("{FAE04EC0-301F-11D3-BF4B-00C04F79EFBC}") = "VisualAcademy", "VisualAcademy\VisualAcademy.csproj", "{07E4E1C2-5428-4146-BC76-74C0E1AF6D4C}"
EndProject
Global
	GlobalSection(SolutionConfigurationPlatforms) = preSolution
		Debug|Any CPU = Debug|Any CPU
		Release|Any CPU = Release|Any CPU
	EndGlobalSection
	GlobalSection(ProjectConfigurationPlatforms) = postSolution
		{07E4E1C2-5428-4146-BC76-74C0E1AF6D4C}.Debug|Any CPU.ActiveCfg = Debug|Any CPU
		{07E4E1C2-5428-4146-BC76-74C0E1AF6D4C}.Debug|Any CPU.Build.0 = Debug|Any CPU
		{07E4E1C2-5428-4146-BC76-74C0E1AF6D4C}.Release|Any CPU.ActiveCfg = Release|Any CPU
		{07E4E1C2-5428-4146-BC76-74C0E1AF6D4C}.Release|Any CPU.Build.0 = Release|Any CPU
	EndGlobalSection
	GlobalSection(SolutionProperties) = preSolution
		HideSolutionNode = FALSE
	EndGlobalSection
	GlobalSection(ExtensibilityGlobals) = postSolution
		SolutionGuid = {F9117EFD-108D-454C-9281-E93D49C55E36}
	EndGlobalSection
EndGlobal
